// !$*UTF8*$!
{
	archiveVersion = 1;
	classes = {
	};
	objectVersion = 46;
	objects = {

/* Begin PBXBuildFile section */
		B59FCD0C9F97616FFC01891E /* Pods_swift_UIDatePickerView_2016UITests.framework in Frameworks */ = {isa = PBXBuildFile; fileRef = 680DCD87B52CFB970ACAB436 /* Pods_swift_UIDatePickerView_2016UITests.framework */; };
		E94668411D4D085C00D9D68D /* AppDelegate.swift in Sources */ = {isa = PBXBuildFile; fileRef = E94668401D4D085C00D9D68D /* AppDelegate.swift */; };
		E94668431D4D085C00D9D68D /* ViewController.swift in Sources */ = {isa = PBXBuildFile; fileRef = E94668421D4D085C00D9D68D /* ViewController.swift */; };
		E94668461D4D085C00D9D68D /* Main.storyboard in Resources */ = {isa = PBXBuildFile; fileRef = E94668441D4D085C00D9D68D /* Main.storyboard */; };
		E94668481D4D085C00D9D68D /* Assets.xcassets in Resources */ = {isa = PBXBuildFile; fileRef = E94668471D4D085C00D9D68D /* Assets.xcassets */; };
		E946684B1D4D085C00D9D68D /* LaunchScreen.storyboard in Resources */ = {isa = PBXBuildFile; fileRef = E94668491D4D085C00D9D68D /* LaunchScreen.storyboard */; };
		E94668561D4D085D00D9D68D /* swift_UIDatePickerView_2016Tests.swift in Sources */ = {isa = PBXBuildFile; fileRef = E94668551D4D085D00D9D68D /* swift_UIDatePickerView_2016Tests.swift */; };
		E94668611D4D085D00D9D68D /* swift_UIDatePickerView_2016UITests.swift in Sources */ = {isa = PBXBuildFile; fileRef = E94668601D4D085D00D9D68D /* swift_UIDatePickerView_2016UITests.swift */; };
		E949D0551D919332001B99E0 /* DateEntry.swift in Sources */ = {isa = PBXBuildFile; fileRef = E949D0541D919332001B99E0 /* DateEntry.swift */; };
		F340EBE85AA36382BE20B9E6 /* Pods_swift_UIDatePickerView_2016Tests.framework in Frameworks */ = {isa = PBXBuildFile; fileRef = 9F7F93ABBC534E8D0727DA6D /* Pods_swift_UIDatePickerView_2016Tests.framework */; };
		F4A4372B33148F63FA2B59DA /* Pods_swift_UIDatePickerView_2016.framework in Frameworks */ = {isa = PBXBuildFile; fileRef = F5E929CB88EC2B603F9D18B4 /* Pods_swift_UIDatePickerView_2016.framework */; };
/* End PBXBuildFile section */

/* Begin PBXContainerItemProxy section */
		E94668521D4D085D00D9D68D /* PBXContainerItemProxy */ = {
			isa = PBXContainerItemProxy;
			containerPortal = E94668351D4D085C00D9D68D /* Project object */;
			proxyType = 1;
			remoteGlobalIDString = E946683C1D4D085C00D9D68D;
			remoteInfo = swift_UIDatePickerView_2016;
		};
		E946685D1D4D085D00D9D68D /* PBXContainerItemProxy */ = {
			isa = PBXContainerItemProxy;
			containerPortal = E94668351D4D085C00D9D68D /* Project object */;
			proxyType = 1;
			remoteGlobalIDString = E946683C1D4D085C00D9D68D;
			remoteInfo = swift_UIDatePickerView_2016;
		};
/* End PBXContainerItemProxy section */

/* Begin PBXFileReference section */
		1FB3347CCA4068306D7F6ACF /* Pods-swift_UIDatePickerView_2016Tests.debug.xcconfig */ = {isa = PBXFileReference; includeInIndex = 1; lastKnownFileType = text.xcconfig; name = "Pods-swift_UIDatePickerView_2016Tests.debug.xcconfig"; path = "Pods/Target Support Files/Pods-swift_UIDatePickerView_2016Tests/Pods-swift_UIDatePickerView_2016Tests.debug.xcconfig"; sourceTree = "<group>"; };
		680DCD87B52CFB970ACAB436 /* Pods_swift_UIDatePickerView_2016UITests.framework */ = {isa = PBXFileReference; explicitFileType = wrapper.framework; includeInIndex = 0; path = Pods_swift_UIDatePickerView_2016UITests.framework; sourceTree = BUILT_PRODUCTS_DIR; };
		9F7F93ABBC534E8D0727DA6D /* Pods_swift_UIDatePickerView_2016Tests.framework */ = {isa = PBXFileReference; explicitFileType = wrapper.framework; includeInIndex = 0; path = Pods_swift_UIDatePickerView_2016Tests.framework; sourceTree = BUILT_PRODUCTS_DIR; };
		A0EAB6F5959B10A14649C518 /* Pods-swift_UIDatePickerView_2016UITests.release.xcconfig */ = {isa = PBXFileReference; includeInIndex = 1; lastKnownFileType = text.xcconfig; name = "Pods-swift_UIDatePickerView_2016UITests.release.xcconfig"; path = "Pods/Target Support Files/Pods-swift_UIDatePickerView_2016UITests/Pods-swift_UIDatePickerView_2016UITests.release.xcconfig"; sourceTree = "<group>"; };
		C3B24318A0FE254FE93677B9 /* Pods-swift_UIDatePickerView_2016UITests.debug.xcconfig */ = {isa = PBXFileReference; includeInIndex = 1; lastKnownFileType = text.xcconfig; name = "Pods-swift_UIDatePickerView_2016UITests.debug.xcconfig"; path = "Pods/Target Support Files/Pods-swift_UIDatePickerView_2016UITests/Pods-swift_UIDatePickerView_2016UITests.debug.xcconfig"; sourceTree = "<group>"; };
		D69A6BECF016A36252598413 /* Pods-swift_UIDatePickerView_2016.release.xcconfig */ = {isa = PBXFileReference; includeInIndex = 1; lastKnownFileType = text.xcconfig; name = "Pods-swift_UIDatePickerView_2016.release.xcconfig"; path = "Pods/Target Support Files/Pods-swift_UIDatePickerView_2016/Pods-swift_UIDatePickerView_2016.release.xcconfig"; sourceTree = "<group>"; };
		D875C89ABD76B39FD3C2B307 /* Pods-swift_UIDatePickerView_2016.debug.xcconfig */ = {isa = PBXFileReference; includeInIndex = 1; lastKnownFileType = text.xcconfig; name = "Pods-swift_UIDatePickerView_2016.debug.xcconfig"; path = "Pods/Target Support Files/Pods-swift_UIDatePickerView_2016/Pods-swift_UIDatePickerView_2016.debug.xcconfig"; sourceTree = "<group>"; };
		E946683D1D4D085C00D9D68D /* swift_UIDatePickerView_2016.app */ = {isa = PBXFileReference; explicitFileType = wrapper.application; includeInIndex = 0; path = swift_UIDatePickerView_2016.app; sourceTree = BUILT_PRODUCTS_DIR; };
		E94668401D4D085C00D9D68D /* AppDelegate.swift */ = {isa = PBXFileReference; lastKnownFileType = sourcecode.swift; path = AppDelegate.swift; sourceTree = "<group>"; };
		E94668421D4D085C00D9D68D /* ViewController.swift */ = {isa = PBXFileReference; lastKnownFileType = sourcecode.swift; path = ViewController.swift; sourceTree = "<group>"; };
		E94668451D4D085C00D9D68D /* Base */ = {isa = PBXFileReference; lastKnownFileType = file.storyboard; name = Base; path = Base.lproj/Main.storyboard; sourceTree = "<group>"; };
		E94668471D4D085C00D9D68D /* Assets.xcassets */ = {isa = PBXFileReference; lastKnownFileType = folder.assetcatalog; path = Assets.xcassets; sourceTree = "<group>"; };
		E946684A1D4D085C00D9D68D /* Base */ = {isa = PBXFileReference; lastKnownFileType = file.storyboard; name = Base; path = Base.lproj/LaunchScreen.storyboard; sourceTree = "<group>"; };
		E946684C1D4D085C00D9D68D /* Info.plist */ = {isa = PBXFileReference; lastKnownFileType = text.plist.xml; path = Info.plist; sourceTree = "<group>"; };
		E94668511D4D085D00D9D68D /* swift_UIDatePickerView_2016Tests.xctest */ = {isa = PBXFileReference; explicitFileType = wrapper.cfbundle; includeInIndex = 0; path = swift_UIDatePickerView_2016Tests.xctest; sourceTree = BUILT_PRODUCTS_DIR; };
		E94668551D4D085D00D9D68D /* swift_UIDatePickerView_2016Tests.swift */ = {isa = PBXFileReference; lastKnownFileType = sourcecode.swift; path = swift_UIDatePickerView_2016Tests.swift; sourceTree = "<group>"; };
		E94668571D4D085D00D9D68D /* Info.plist */ = {isa = PBXFileReference; lastKnownFileType = text.plist.xml; path = Info.plist; sourceTree = "<group>"; };
		E946685C1D4D085D00D9D68D /* swift_UIDatePickerView_2016UITests.xctest */ = {isa = PBXFileReference; explicitFileType = wrapper.cfbundle; includeInIndex = 0; path = swift_UIDatePickerView_2016UITests.xctest; sourceTree = BUILT_PRODUCTS_DIR; };
		E94668601D4D085D00D9D68D /* swift_UIDatePickerView_2016UITests.swift */ = {isa = PBXFileReference; lastKnownFileType = sourcecode.swift; path = swift_UIDatePickerView_2016UITests.swift; sourceTree = "<group>"; };
		E94668621D4D085D00D9D68D /* Info.plist */ = {isa = PBXFileReference; lastKnownFileType = text.plist.xml; path = Info.plist; sourceTree = "<group>"; };
		E949D0541D919332001B99E0 /* DateEntry.swift */ = {isa = PBXFileReference; fileEncoding = 4; lastKnownFileType = sourcecode.swift; path = DateEntry.swift; sourceTree = "<group>"; };
		F04BC033F1BF0AD482F0B906 /* Pods-swift_UIDatePickerView_2016Tests.release.xcconfig */ = {isa = PBXFileReference; includeInIndex = 1; lastKnownFileType = text.xcconfig; name = "Pods-swift_UIDatePickerView_2016Tests.release.xcconfig"; path = "Pods/Target Support Files/Pods-swift_UIDatePickerView_2016Tests/Pods-swift_UIDatePickerView_2016Tests.release.xcconfig"; sourceTree = "<group>"; };
		F5E929CB88EC2B603F9D18B4 /* Pods_swift_UIDatePickerView_2016.framework */ = {isa = PBXFileReference; explicitFileType = wrapper.framework; includeInIndex = 0; path = Pods_swift_UIDatePickerView_2016.framework; sourceTree = BUILT_PRODUCTS_DIR; };
/* End PBXFileReference section */

/* Begin PBXFrameworksBuildPhase section */
		E946683A1D4D085C00D9D68D /* Frameworks */ = {
			isa = PBXFrameworksBuildPhase;
			buildActionMask = 2147483647;
			files = (
				F4A4372B33148F63FA2B59DA /* Pods_swift_UIDatePickerView_2016.framework in Frameworks */,
			);
			runOnlyForDeploymentPostprocessing = 0;
		};
		E946684E1D4D085D00D9D68D /* Frameworks */ = {
			isa = PBXFrameworksBuildPhase;
			buildActionMask = 2147483647;
			files = (
				F340EBE85AA36382BE20B9E6 /* Pods_swift_UIDatePickerView_2016Tests.framework in Frameworks */,
			);
			runOnlyForDeploymentPostprocessing = 0;
		};
		E94668591D4D085D00D9D68D /* Frameworks */ = {
			isa = PBXFrameworksBuildPhase;
			buildActionMask = 2147483647;
			files = (
				B59FCD0C9F97616FFC01891E /* Pods_swift_UIDatePickerView_2016UITests.framework in Frameworks */,
			);
			runOnlyForDeploymentPostprocessing = 0;
		};
/* End PBXFrameworksBuildPhase section */

/* Begin PBXGroup section */
		043548FBFF76CD3FF557DD4F /* Frameworks */ = {
			isa = PBXGroup;
			children = (
				F5E929CB88EC2B603F9D18B4 /* Pods_swift_UIDatePickerView_2016.framework */,
				9F7F93ABBC534E8D0727DA6D /* Pods_swift_UIDatePickerView_2016Tests.framework */,
				680DCD87B52CFB970ACAB436 /* Pods_swift_UIDatePickerView_2016UITests.framework */,
			);
			name = Frameworks;
			sourceTree = "<group>";
		};
		226CA30A5538BDFE35FE2701 /* Pods */ = {
			isa = PBXGroup;
			children = (
				D875C89ABD76B39FD3C2B307 /* Pods-swift_UIDatePickerView_2016.debug.xcconfig */,
				D69A6BECF016A36252598413 /* Pods-swift_UIDatePickerView_2016.release.xcconfig */,
				1FB3347CCA4068306D7F6ACF /* Pods-swift_UIDatePickerView_2016Tests.debug.xcconfig */,
				F04BC033F1BF0AD482F0B906 /* Pods-swift_UIDatePickerView_2016Tests.release.xcconfig */,
				C3B24318A0FE254FE93677B9 /* Pods-swift_UIDatePickerView_2016UITests.debug.xcconfig */,
				A0EAB6F5959B10A14649C518 /* Pods-swift_UIDatePickerView_2016UITests.release.xcconfig */,
			);
			name = Pods;
			sourceTree = "<group>";
		};
		E94668341D4D085C00D9D68D = {
			isa = PBXGroup;
			children = (
				E946683F1D4D085C00D9D68D /* swift_UIDatePickerView_2016 */,
				E94668541D4D085D00D9D68D /* swift_UIDatePickerView_2016Tests */,
				E946685F1D4D085D00D9D68D /* swift_UIDatePickerView_2016UITests */,
				E946683E1D4D085C00D9D68D /* Products */,
				226CA30A5538BDFE35FE2701 /* Pods */,
				043548FBFF76CD3FF557DD4F /* Frameworks */,
			);
			sourceTree = "<group>";
		};
		E946683E1D4D085C00D9D68D /* Products */ = {
			isa = PBXGroup;
			children = (
				E946683D1D4D085C00D9D68D /* swift_UIDatePickerView_2016.app */,
				E94668511D4D085D00D9D68D /* swift_UIDatePickerView_2016Tests.xctest */,
				E946685C1D4D085D00D9D68D /* swift_UIDatePickerView_2016UITests.xctest */,
			);
			name = Products;
			sourceTree = "<group>";
		};
		E946683F1D4D085C00D9D68D /* swift_UIDatePickerView_2016 */ = {
			isa = PBXGroup;
			children = (
				E94668401D4D085C00D9D68D /* AppDelegate.swift */,
				E94668421D4D085C00D9D68D /* ViewController.swift */,
				E949D0541D919332001B99E0 /* DateEntry.swift */,
				E94668441D4D085C00D9D68D /* Main.storyboard */,
				E94668471D4D085C00D9D68D /* Assets.xcassets */,
				E94668491D4D085C00D9D68D /* LaunchScreen.storyboard */,
				E946684C1D4D085C00D9D68D /* Info.plist */,
			);
			path = swift_UIDatePickerView_2016;
			sourceTree = "<group>";
		};
		E94668541D4D085D00D9D68D /* swift_UIDatePickerView_2016Tests */ = {
			isa = PBXGroup;
			children = (
				E94668551D4D085D00D9D68D /* swift_UIDatePickerView_2016Tests.swift */,
				E94668571D4D085D00D9D68D /* Info.plist */,
			);
			path = swift_UIDatePickerView_2016Tests;
			sourceTree = "<group>";
		};
		E946685F1D4D085D00D9D68D /* swift_UIDatePickerView_2016UITests */ = {
			isa = PBXGroup;
			children = (
				E94668601D4D085D00D9D68D /* swift_UIDatePickerView_2016UITests.swift */,
				E94668621D4D085D00D9D68D /* Info.plist */,
			);
			path = swift_UIDatePickerView_2016UITests;
			sourceTree = "<group>";
		};
/* End PBXGroup section */

/* Begin PBXNativeTarget section */
		E946683C1D4D085C00D9D68D /* swift_UIDatePickerView_2016 */ = {
			isa = PBXNativeTarget;
			buildConfigurationList = E94668651D4D085D00D9D68D /* Build configuration list for PBXNativeTarget "swift_UIDatePickerView_2016" */;
			buildPhases = (
				EA20087AFD935D9D29BA11B5 /* [CP] Check Pods Manifest.lock */,
				E94668391D4D085C00D9D68D /* Sources */,
				E946683A1D4D085C00D9D68D /* Frameworks */,
				E946683B1D4D085C00D9D68D /* Resources */,
				61E8E5AE654570463C25EB7C /* [CP] Embed Pods Frameworks */,
				CA581BDBF91FD7DE950C5ACC /* [CP] Copy Pods Resources */,
			);
			buildRules = (
			);
			dependencies = (
			);
			name = swift_UIDatePickerView_2016;
			productName = swift_UIDatePickerView_2016;
			productReference = E946683D1D4D085C00D9D68D /* swift_UIDatePickerView_2016.app */;
			productType = "com.apple.product-type.application";
		};
		E94668501D4D085D00D9D68D /* swift_UIDatePickerView_2016Tests */ = {
			isa = PBXNativeTarget;
			buildConfigurationList = E94668681D4D085D00D9D68D /* Build configuration list for PBXNativeTarget "swift_UIDatePickerView_2016Tests" */;
			buildPhases = (
				B1F3E3DF450E0D1709E67B28 /* [CP] Check Pods Manifest.lock */,
				E946684D1D4D085D00D9D68D /* Sources */,
				E946684E1D4D085D00D9D68D /* Frameworks */,
				E946684F1D4D085D00D9D68D /* Resources */,
				7B58345BB45BC8312BB16948 /* [CP] Embed Pods Frameworks */,
				22EA8EF0CC30281F2ED75404 /* [CP] Copy Pods Resources */,
			);
			buildRules = (
			);
			dependencies = (
				E94668531D4D085D00D9D68D /* PBXTargetDependency */,
			);
			name = swift_UIDatePickerView_2016Tests;
			productName = swift_UIDatePickerView_2016Tests;
			productReference = E94668511D4D085D00D9D68D /* swift_UIDatePickerView_2016Tests.xctest */;
			productType = "com.apple.product-type.bundle.unit-test";
		};
		E946685B1D4D085D00D9D68D /* swift_UIDatePickerView_2016UITests */ = {
			isa = PBXNativeTarget;
			buildConfigurationList = E946686B1D4D085D00D9D68D /* Build configuration list for PBXNativeTarget "swift_UIDatePickerView_2016UITests" */;
			buildPhases = (
				A58C088F6C3985B400279CEE /* [CP] Check Pods Manifest.lock */,
				E94668581D4D085D00D9D68D /* Sources */,
				E94668591D4D085D00D9D68D /* Frameworks */,
				E946685A1D4D085D00D9D68D /* Resources */,
				644F8370DFA364B110E8DC42 /* [CP] Copy Pods Resources */,
			);
			buildRules = (
			);
			dependencies = (
				E946685E1D4D085D00D9D68D /* PBXTargetDependency */,
			);
			name = swift_UIDatePickerView_2016UITests;
			productName = swift_UIDatePickerView_2016UITests;
			productReference = E946685C1D4D085D00D9D68D /* swift_UIDatePickerView_2016UITests.xctest */;
			productType = "com.apple.product-type.bundle.ui-testing";
		};
/* End PBXNativeTarget section */

/* Begin PBXProject section */
		E94668351D4D085C00D9D68D /* Project object */ = {
			isa = PBXProject;
			attributes = {
				LastSwiftUpdateCheck = 0710;
				LastUpgradeCheck = 0710;
				ORGANIZATIONNAME = nanami;
				TargetAttributes = {
					E946683C1D4D085C00D9D68D = {
						CreatedOnToolsVersion = 7.1.1;
						DevelopmentTeam = Z4FJZP66WG;
					};
					E94668501D4D085D00D9D68D = {
						CreatedOnToolsVersion = 7.1.1;
						DevelopmentTeam = Z4FJZP66WG;
						TestTargetID = E946683C1D4D085C00D9D68D;
					};
					E946685B1D4D085D00D9D68D = {
						CreatedOnToolsVersion = 7.1.1;
						DevelopmentTeam = Z4FJZP66WG;
						TestTargetID = E946683C1D4D085C00D9D68D;
					};
				};
			};
			buildConfigurationList = E94668381D4D085C00D9D68D /* Build configuration list for PBXProject "swift_UIDatePickerView_2016" */;
			compatibilityVersion = "Xcode 3.2";
			developmentRegion = English;
			hasScannedForEncodings = 0;
			knownRegions = (
				en,
				Base,
			);
			mainGroup = E94668341D4D085C00D9D68D;
			productRefGroup = E946683E1D4D085C00D9D68D /* Products */;
			projectDirPath = "";
			projectRoot = "";
			targets = (
				E946683C1D4D085C00D9D68D /* swift_UIDatePickerView_2016 */,
				E94668501D4D085D00D9D68D /* swift_UIDatePickerView_2016Tests */,
				E946685B1D4D085D00D9D68D /* swift_UIDatePickerView_2016UITests */,
			);
		};
/* End PBXProject section */

/* Begin PBXResourcesBuildPhase section */
		E946683B1D4D085C00D9D68D /* Resources */ = {
			isa = PBXResourcesBuildPhase;
			buildActionMask = 2147483647;
			files = (
				E946684B1D4D085C00D9D68D /* LaunchScreen.storyboard in Resources */,
				E94668481D4D085C00D9D68D /* Assets.xcassets in Resources */,
				E94668461D4D085C00D9D68D /* Main.storyboard in Resources */,
			);
			runOnlyForDeploymentPostprocessing = 0;
		};
		E946684F1D4D085D00D9D68D /* Resources */ = {
			isa = PBXResourcesBuildPhase;
			buildActionMask = 2147483647;
			files = (
			);
			runOnlyForDeploymentPostprocessing = 0;
		};
		E946685A1D4D085D00D9D68D /* Resources */ = {
			isa = PBXResourcesBuildPhase;
			buildActionMask = 2147483647;
			files = (
			);
			runOnlyForDeploymentPostprocessing = 0;
		};
/* End PBXResourcesBuildPhase section */

/* Begin PBXShellScriptBuildPhase section */
		22EA8EF0CC30281F2ED75404 /* [CP] Copy Pods Resources */ = {
			isa = PBXShellScriptBuildPhase;
			buildActionMask = 2147483647;
			files = (
			);
			inputPaths = (
			);
			name = "[CP] Copy Pods Resources";
			outputPaths = (
			);
			runOnlyForDeploymentPostprocessing = 0;
			shellPath = /bin/sh;
			shellScript = "\"${SRCROOT}/Pods/Target Support Files/Pods-swift_UIDatePickerView_2016Tests/Pods-swift_UIDatePickerView_2016Tests-resources.sh\"\n";
			showEnvVarsInLog = 0;
		};
		61E8E5AE654570463C25EB7C /* [CP] Embed Pods Frameworks */ = {
			isa = PBXShellScriptBuildPhase;
			buildActionMask = 2147483647;
			files = (
			);
			inputPaths = (
			);
			name = "[CP] Embed Pods Frameworks";
			outputPaths = (
			);
			runOnlyForDeploymentPostprocessing = 0;
			shellPath = /bin/sh;
			shellScript = "\"${SRCROOT}/Pods/Target Support Files/Pods-swift_UIDatePickerView_2016/Pods-swift_UIDatePickerView_2016-frameworks.sh\"\n";
			showEnvVarsInLog = 0;
		};
		644F8370DFA364B110E8DC42 /* [CP] Copy Pods Resources */ = {
			isa = PBXShellScriptBuildPhase;
			buildActionMask = 2147483647;
			files = (
			);
			inputPaths = (
			);
			name = "[CP] Copy Pods Resources";
			outputPaths = (
			);
			runOnlyForDeploymentPostprocessing = 0;
			shellPath = /bin/sh;
			shellScript = "\"${SRCROOT}/Pods/Target Support Files/Pods-swift_UIDatePickerView_2016UITests/Pods-swift_UIDatePickerView_2016UITests-resources.sh\"\n";
			showEnvVarsInLog = 0;
		};
		7B58345BB45BC8312BB16948 /* [CP] Embed Pods Frameworks */ = {
			isa = PBXShellScriptBuildPhase;
			buildActionMask = 2147483647;
			files = (
			);
			inputPaths = (
			);
			name = "[CP] Embed Pods Frameworks";
			outputPaths = (
			);
			runOnlyForDeploymentPostprocessing = 0;
			shellPath = /bin/sh;
			shellScript = "\"${SRCROOT}/Pods/Target Support Files/Pods-swift_UIDatePickerView_2016Tests/Pods-swift_UIDatePickerView_2016Tests-frameworks.sh\"\n";
			showEnvVarsInLog = 0;
		};
		A58C088F6C3985B400279CEE /* [CP] Check Pods Manifest.lock */ = {
			isa = PBXShellScriptBuildPhase;
			buildActionMask = 2147483647;
			files = (
			);
			inputPaths = (
			);
			name = "[CP] Check Pods Manifest.lock";
			outputPaths = (
			);
			runOnlyForDeploymentPostprocessing = 0;
			shellPath = /bin/sh;
			shellScript = "diff \"${PODS_ROOT}/../Podfile.lock\" \"${PODS_ROOT}/Manifest.lock\" > /dev/null\nif [[ $? != 0 ]] ; then\n    cat << EOM\nerror: The sandbox is not in sync with the Podfile.lock. Run 'pod install' or update your CocoaPods installation.\nEOM\n    exit 1\nfi\n";
			showEnvVarsInLog = 0;
		};
		B1F3E3DF450E0D1709E67B28 /* [CP] Check Pods Manifest.lock */ = {
			isa = PBXShellScriptBuildPhase;
			buildActionMask = 2147483647;
			files = (
			);
			inputPaths = (
			);
			name = "[CP] Check Pods Manifest.lock";
			outputPaths = (
			);
			runOnlyForDeploymentPostprocessing = 0;
			shellPath = /bin/sh;
			shellScript = "diff \"${PODS_ROOT}/../Podfile.lock\" \"${PODS_ROOT}/Manifest.lock\" > /dev/null\nif [[ $? != 0 ]] ; then\n    cat << EOM\nerror: The sandbox is not in sync with the Podfile.lock. Run 'pod install' or update your CocoaPods installation.\nEOM\n    exit 1\nfi\n";
			showEnvVarsInLog = 0;
		};
		CA581BDBF91FD7DE950C5ACC /* [CP] Copy Pods Resources */ = {
			isa = PBXShellScriptBuildPhase;
			buildActionMask = 2147483647;
			files = (
			);
			inputPaths = (
			);
			name = "[CP] Copy Pods Resources";
			outputPaths = (
			);
			runOnlyForDeploymentPostprocessing = 0;
			shellPath = /bin/sh;
			shellScript = "\"${SRCROOT}/Pods/Target Support Files/Pods-swift_UIDatePickerView_2016/Pods-swift_UIDatePickerView_2016-resources.sh\"\n";
			showEnvVarsInLog = 0;
		};
		EA20087AFD935D9D29BA11B5 /* [CP] Check Pods Manifest.lock */ = {
			isa = PBXShellScriptBuildPhase;
			buildActionMask = 2147483647;
			files = (
			);
			inputPaths = (
			);
			name = "[CP] Check Pods Manifest.lock";
			outputPaths = (
			);
			runOnlyForDeploymentPostprocessing = 0;
			shellPath = /bin/sh;
			shellScript = "diff \"${PODS_ROOT}/../Podfile.lock\" \"${PODS_ROOT}/Manifest.lock\" > /dev/null\nif [[ $? != 0 ]] ; then\n    cat << EOM\nerror: The sandbox is not in sync with the Podfile.lock. Run 'pod install' or update your CocoaPods installation.\nEOM\n    exit 1\nfi\n";
			showEnvVarsInLog = 0;
		};
/* End PBXShellScriptBuildPhase section */

/* Begin PBXSourcesBuildPhase section */
		E94668391D4D085C00D9D68D /* Sources */ = {
			isa = PBXSourcesBuildPhase;
			buildActionMask = 2147483647;
			files = (
				E94668431D4D085C00D9D68D /* ViewController.swift in Sources */,
				E949D0551D919332001B99E0 /* DateEntry.swift in Sources */,
				E94668411D4D085C00D9D68D /* AppDelegate.swift in Sources */,
			);
			runOnlyForDeploymentPostprocessing = 0;
		};
		E946684D1D4D085D00D9D68D /* Sources */ = {
			isa = PBXSourcesBuildPhase;
			buildActionMask = 2147483647;
			files = (
				E94668561D4D085D00D9D68D /* swift_UIDatePickerView_2016Tests.swift in Sources */,
			);
			runOnlyForDeploymentPostprocessing = 0;
		};
		E94668581D4D085D00D9D68D /* Sources */ = {
			isa = PBXSourcesBuildPhase;
			buildActionMask = 2147483647;
			files = (
				E94668611D4D085D00D9D68D /* swift_UIDatePickerView_2016UITests.swift in Sources */,
			);
			runOnlyForDeploymentPostprocessing = 0;
		};
/* End PBXSourcesBuildPhase section */

/* Begin PBXTargetDependency section */
		E94668531D4D085D00D9D68D /* PBXTargetDependency */ = {
			isa = PBXTargetDependency;
			target = E946683C1D4D085C00D9D68D /* swift_UIDatePickerView_2016 */;
			targetProxy = E94668521D4D085D00D9D68D /* PBXContainerItemProxy */;
		};
		E946685E1D4D085D00D9D68D /* PBXTargetDependency */ = {
			isa = PBXTargetDependency;
			target = E946683C1D4D085C00D9D68D /* swift_UIDatePickerView_2016 */;
			targetProxy = E946685D1D4D085D00D9D68D /* PBXContainerItemProxy */;
		};
/* End PBXTargetDependency section */

/* Begin PBXVariantGroup section */
		E94668441D4D085C00D9D68D /* Main.storyboard */ = {
			isa = PBXVariantGroup;
			children = (
				E94668451D4D085C00D9D68D /* Base */,
			);
			name = Main.storyboard;
			sourceTree = "<group>";
		};
		E94668491D4D085C00D9D68D /* LaunchScreen.storyboard */ = {
			isa = PBXVariantGroup;
			children = (
				E946684A1D4D085C00D9D68D /* Base */,
			);
			name = LaunchScreen.storyboard;
			sourceTree = "<group>";
		};
/* End PBXVariantGroup section */

/* Begin XCBuildConfiguration section */
		E94668631D4D085D00D9D68D /* Debug */ = {
			isa = XCBuildConfiguration;
			buildSettings = {
				ALWAYS_SEARCH_USER_PATHS = NO;
				CLANG_CXX_LANGUAGE_STANDARD = "gnu++0x";
				CLANG_CXX_LIBRARY = "libc++";
				CLANG_ENABLE_MODULES = YES;
				CLANG_ENABLE_OBJC_ARC = YES;
				CLANG_WARN_BOOL_CONVERSION = YES;
				CLANG_WARN_CONSTANT_CONVERSION = YES;
				CLANG_WARN_DIRECT_OBJC_ISA_USAGE = YES_ERROR;
				CLANG_WARN_EMPTY_BODY = YES;
				CLANG_WARN_ENUM_CONVERSION = YES;
				CLANG_WARN_INT_CONVERSION = YES;
				CLANG_WARN_OBJC_ROOT_CLASS = YES_ERROR;
				CLANG_WARN_UNREACHABLE_CODE = YES;
				CLANG_WARN__DUPLICATE_METHOD_MATCH = YES;
				"CODE_SIGN_IDENTITY[sdk=iphoneos*]" = "iPhone Developer";
				COPY_PHASE_STRIP = NO;
				DEBUG_INFORMATION_FORMAT = dwarf;
				ENABLE_STRICT_OBJC_MSGSEND = YES;
				ENABLE_TESTABILITY = YES;
				GCC_C_LANGUAGE_STANDARD = gnu99;
				GCC_DYNAMIC_NO_PIC = NO;
				GCC_NO_COMMON_BLOCKS = YES;
				GCC_OPTIMIZATION_LEVEL = 0;
				GCC_PREPROCESSOR_DEFINITIONS = (
					"DEBUG=1",
					"$(inherited)",
				);
				GCC_WARN_64_TO_32_BIT_CONVERSION = YES;
				GCC_WARN_ABOUT_RETURN_TYPE = YES_ERROR;
				GCC_WARN_UNDECLARED_SELECTOR = YES;
				GCC_WARN_UNINITIALIZED_AUTOS = YES_AGGRESSIVE;
				GCC_WARN_UNUSED_FUNCTION = YES;
				GCC_WARN_UNUSED_VARIABLE = YES;
				IPHONEOS_DEPLOYMENT_TARGET = 9.1;
				MTL_ENABLE_DEBUG_INFO = YES;
				ONLY_ACTIVE_ARCH = YES;
				SDKROOT = iphoneos;
				SWIFT_OPTIMIZATION_LEVEL = "-Onone";
			};
			name = Debug;
		};
		E94668641D4D085D00D9D68D /* Release */ = {
			isa = XCBuildConfiguration;
			buildSettings = {
				ALWAYS_SEARCH_USER_PATHS = NO;
				CLANG_CXX_LANGUAGE_STANDARD = "gnu++0x";
				CLANG_CXX_LIBRARY = "libc++";
				CLANG_ENABLE_MODULES = YES;
				CLANG_ENABLE_OBJC_ARC = YES;
				CLANG_WARN_BOOL_CONVERSION = YES;
				CLANG_WARN_CONSTANT_CONVERSION = YES;
				CLANG_WARN_DIRECT_OBJC_ISA_USAGE = YES_ERROR;
				CLANG_WARN_EMPTY_BODY = YES;
				CLANG_WARN_ENUM_CONVERSION = YES;
				CLANG_WARN_INT_CONVERSION = YES;
				CLANG_WARN_OBJC_ROOT_CLASS = YES_ERROR;
				CLANG_WARN_UNREACHABLE_CODE = YES;
				CLANG_WARN__DUPLICATE_METHOD_MATCH = YES;
				"CODE_SIGN_IDENTITY[sdk=iphoneos*]" = "iPhone Developer";
				COPY_PHASE_STRIP = NO;
				DEBUG_INFORMATION_FORMAT = "dwarf-with-dsym";
				ENABLE_NS_ASSERTIONS = NO;
				ENABLE_STRICT_OBJC_MSGSEND = YES;
				GCC_C_LANGUAGE_STANDARD = gnu99;
				GCC_NO_COMMON_BLOCKS = YES;
				GCC_WARN_64_TO_32_BIT_CONVERSION = YES;
				GCC_WARN_ABOUT_RETURN_TYPE = YES_ERROR;
				GCC_WARN_UNDECLARED_SELECTOR = YES;
				GCC_WARN_UNINITIALIZED_AUTOS = YES_AGGRESSIVE;
				GCC_WARN_UNUSED_FUNCTION = YES;
				GCC_WARN_UNUSED_VARIABLE = YES;
				IPHONEOS_DEPLOYMENT_TARGET = 9.1;
				MTL_ENABLE_DEBUG_INFO = NO;
				SDKROOT = iphoneos;
				VALIDATE_PRODUCT = YES;
			};
			name = Release;
		};
		E94668661D4D085D00D9D68D /* Debug */ = {
			isa = XCBuildConfiguration;
			baseConfigurationReference = D875C89ABD76B39FD3C2B307 /* Pods-swift_UIDatePickerView_2016.debug.xcconfig */;
			buildSettings = {
				ASSETCATALOG_COMPILER_APPICON_NAME = AppIcon;
				FRAMEWORK_SEARCH_PATHS = (
					"$(inherited)",
					"$(PROJECT_DIR)",
				);
				INFOPLIST_FILE = swift_UIDatePickerView_2016/Info.plist;
				LD_RUNPATH_SEARCH_PATHS = "$(inherited) @executable_path/Frameworks";
				PRODUCT_BUNDLE_IDENTIFIER = "tomozoe.swift-UIDatePickerView-2016";
				PRODUCT_NAME = "$(TARGET_NAME)";
			};
			name = Debug;
		};
		E94668671D4D085D00D9D68D /* Release */ = {
			isa = XCBuildConfiguration;
			baseConfigurationReference = D69A6BECF016A36252598413 /* Pods-swift_UIDatePickerView_2016.release.xcconfig */;
			buildSettings = {
				ASSETCATALOG_COMPILER_APPICON_NAME = AppIcon;
				FRAMEWORK_SEARCH_PATHS = (
					"$(inherited)",
					"$(PROJECT_DIR)",
				);
				INFOPLIST_FILE = swift_UIDatePickerView_2016/Info.plist;
				LD_RUNPATH_SEARCH_PATHS = "$(inherited) @executable_path/Frameworks";
				PRODUCT_BUNDLE_IDENTIFIER = "tomozoe.swift-UIDatePickerView-2016";
				PRODUCT_NAME = "$(TARGET_NAME)";
			};
			name = Release;
		};
		E94668691D4D085D00D9D68D /* Debug */ = {
			isa = XCBuildConfiguration;
			baseConfigurationReference = 1FB3347CCA4068306D7F6ACF /* Pods-swift_UIDatePickerView_2016Tests.debug.xcconfig */;
			buildSettings = {
				BUNDLE_LOADER = "$(TEST_HOST)";
				INFOPLIST_FILE = swift_UIDatePickerView_2016Tests/Info.plist;
				LD_RUNPATH_SEARCH_PATHS = "$(inherited) @executable_path/Frameworks @loader_path/Frameworks";
				PRODUCT_BUNDLE_IDENTIFIER = "tomozoe.swift-UIDatePickerView-2016Tests";
				PRODUCT_NAME = "$(TARGET_NAME)";
				TEST_HOST = "$(BUILT_PRODUCTS_DIR)/swift_UIDatePickerView_2016.app/swift_UIDatePickerView_2016";
			};
			name = Debug;
		};
		E946686A1D4D085D00D9D68D /* Release */ = {
			isa = XCBuildConfiguration;
			baseConfigurationReference = F04BC033F1BF0AD482F0B906 /* Pods-swift_UIDatePickerView_2016Tests.release.xcconfig */;
			buildSettings = {
				BUNDLE_LOADER = "$(TEST_HOST)";
				INFOPLIST_FILE = swift_UIDatePickerView_2016Tests/Info.plist;
				LD_RUNPATH_SEARCH_PATHS = "$(inherited) @executable_path/Frameworks @loader_path/Frameworks";
				PRODUCT_BUNDLE_IDENTIFIER = "tomozoe.swift-UIDatePickerView-2016Tests";
				PRODUCT_NAME = "$(TARGET_NAME)";
				TEST_HOST = "$(BUILT_PRODUCTS_DIR)/swift_UIDatePickerView_2016.app/swift_UIDatePickerView_2016";
			};
			name = Release;
		};
		E946686C1D4D085D00D9D68D /* Debug */ = {
			isa = XCBuildConfiguration;
			baseConfigurationReference = C3B24318A0FE254FE93677B9 /* Pods-swift_UIDatePickerView_2016UITests.debug.xcconfig */;
			buildSettings = {
				INFOPLIST_FILE = swift_UIDatePickerView_2016UITests/Info.plist;
				LD_RUNPATH_SEARCH_PATHS = "$(inherited) @executable_path/Frameworks @loader_path/Frameworks";
				PRODUCT_BUNDLE_IDENTIFIER = "tomozoe.swift-UIDatePickerView-2016UITests";
				PRODUCT_NAME = "$(TARGET_NAME)";
				TEST_TARGET_NAME = swift_UIDatePickerView_2016;
				USES_XCTRUNNER = YES;
			};
			name = Debug;
		};
		E946686D1D4D085D00D9D68D /* Release */ = {
			isa = XCBuildConfiguration;
			baseConfigurationReference = A0EAB6F5959B10A14649C518 /* Pods-swift_UIDatePickerView_2016UITests.release.xcconfig */;
			buildSettings = {
				INFOPLIST_FILE = swift_UIDatePickerView_2016UITests/Info.plist;
				LD_RUNPATH_SEARCH_PATHS = "$(inherited) @executable_path/Frameworks @loader_path/Frameworks";
				PRODUCT_BUNDLE_IDENTIFIER = "tomozoe.swift-UIDatePickerView-2016UITests";
				PRODUCT_NAME = "$(TARGET_NAME)";
				TEST_TARGET_NAME = swift_UIDatePickerView_2016;
				USES_XCTRUNNER = YES;
			};
			name = Release;
		};
/* End XCBuildConfiguration section */

/* Begin XCConfigurationList section */
		E94668381D4D085C00D9D68D /* Build configuration list for PBXProject "swift_UIDatePickerView_2016" */ = {
			isa = XCConfigurationList;
			buildConfigurations = (
				E94668631D4D085D00D9D68D /* Debug */,
				E94668641D4D085D00D9D68D /* Release */,
			);
			defaultConfigurationIsVisible = 0;
			defaultConfigurationName = Release;
		};
		E94668651D4D085D00D9D68D /* Build configuration list for PBXNativeTarget "swift_UIDatePickerView_2016" */ = {
			isa = XCConfigurationList;
			buildConfigurations = (
				E94668661D4D085D00D9D68D /* Debug */,
				E94668671D4D085D00D9D68D /* Release */,
			);
			defaultConfigurationIsVisible = 0;
			defaultConfigurationName = Release;
		};
		E94668681D4D085D00D9D68D /* Build configuration list for PBXNativeTarget "swift_UIDatePickerView_2016Tests" */ = {
			isa = XCConfigurationList;
			buildConfigurations = (
				E94668691D4D085D00D9D68D /* Debug */,
				E946686A1D4D085D00D9D68D /* Release */,
			);
			defaultConfigurationIsVisible = 0;
			defaultConfigurationName = Release;
		};
		E946686B1D4D085D00D9D68D /* Build configuration list for PBXNativeTarget "swift_UIDatePickerView_2016UITests" */ = {
			isa = XCConfigurationList;
			buildConfigurations = (
				E946686C1D4D085D00D9D68D /* Debug */,
				E946686D1D4D085D00D9D68D /* Release */,
			);
			defaultConfigurationIsVisible = 0;
			defaultConfigurationName = Release;
		};
/* End XCConfigurationList section */
	};
	rootObject = E94668351D4D085C00D9D68D /* Project object */;
}
